Microsoft Visual Studio Solution File, Format Version 12.00
# Visual Studio Version 17
VisualStudioVersion = 17.5.2.0
MinimumVisualStudioVersion = 10.0.40219.1
Project("{FAE04EC0-301F-11D3-BF4B-00C04F79EFBC}") = "rental-store-api", ".\rental-store-api.csproj", "{0AA9038C-8EF1-5ACA-4926-C1D8EBEDCD5A}"
EndProject
Global
	GlobalSection(SolutionConfigurationPlatforms) = preSolution
		Debug|Any CPU = Debug|Any CPU
		Release|Any CPU = Release|Any CPU
	EndGlobalSection
	GlobalSection(ProjectConfigurationPlatforms) = postSolution
		{0AA9038C-8EF1-5ACA-4926-C1D8EBEDCD5A}.Debug|Any CPU.ActiveCfg = Debug|Any CPU
		{0AA9038C-8EF1-5ACA-4926-C1D8EBEDCD5A}.Debug|Any CPU.Build.0 = Debug|Any CPU
		{0AA9038C-8EF1-5ACA-4926-C1D8EBEDCD5A}.Release|Any CPU.ActiveCfg = Release|Any CPU
		{0AA9038C-8EF1-5ACA-4926-C1D8EBEDCD5A}.Release|Any CPU.Build.0 = Release|Any CPU
	EndGlobalSection
	GlobalSection(SolutionProperties) = preSolution
		HideSolutionNode = FALSE
	EndGlobalSection
	GlobalSection(ExtensibilityGlobals) = postSolution
		SolutionGuid = {401722DF-D0E4-42C3-A016-E66D5269A9BF}
	EndGlobalSection
EndGlobal
